
Microsoft Visual Studio Solution File, Format Version 12.00
# Visual Studio Version 17
VisualStudioVersion = 17.4.33110.190
MinimumVisualStudioVersion = 10.0.40219.1
Project("{FAE04EC0-301F-11D3-BF4B-00C04F79EFBC}") = "SalesCet76.Web", "SalesCet76.Web\SalesCet76.Web.csproj", "{5F073914-4F8C-44A8-976B-71A9BD9995F1}"
EndProject
Global
	GlobalSection(SolutionConfigurationPlatforms) = preSolution
		Debug|Any CPU = Debug|Any CPU
		Release|Any CPU = Release|Any CPU
	EndGlobalSection
	GlobalSection(ProjectConfigurationPlatforms) = postSolution
		{5F073914-4F8C-44A8-976B-71A9BD9995F1}.Debug|Any CPU.ActiveCfg = Debug|Any CPU
		{5F073914-4F8C-44A8-976B-71A9BD9995F1}.Debug|Any CPU.Build.0 = Debug|Any CPU
		{5F073914-4F8C-44A8-976B-71A9BD9995F1}.Release|Any CPU.ActiveCfg = Release|Any CPU
		{5F073914-4F8C-44A8-976B-71A9BD9995F1}.Release|Any CPU.Build.0 = Release|Any CPU
	EndGlobalSection
	GlobalSection(SolutionProperties) = preSolution
		HideSolutionNode = FALSE
	EndGlobalSection
	GlobalSection(ExtensibilityGlobals) = postSolution
		SolutionGuid = {A98E497B-F00A-436D-9885-F5DB8DAE4F6C}
	EndGlobalSection
EndGlobal
